
Microsoft Visual Studio Solution File, Format Version 12.00
# Visual Studio Version 17
VisualStudioVersion = 17.8.34309.116
MinimumVisualStudioVersion = 10.0.40219.1
Project("{FAE04EC0-301F-11D3-BF4B-00C04F79EFBC}") = "ApiDeContactos", "ApiDeContactos\ApiDeContactos.csproj", "{C55DD26A-2DC7-4EED-924E-95D395172890}"
EndProject
Project("{2150E333-8FDC-42A3-9474-1A3956D46DE8}") = "Source", "Source", "{37415921-E83B-4709-BADE-386A2D3B4E8A}"
EndProject
Project("{2150E333-8FDC-42A3-9474-1A3956D46DE8}") = "WebApi", "WebApi", "{013DD392-EC1D-453C-AB4D-7F1818058045}"
EndProject
Project("{2150E333-8FDC-42A3-9474-1A3956D46DE8}") = "Core", "Core", "{46941DD1-4488-4E5C-898B-CD6012B78384}"
EndProject
Project("{2150E333-8FDC-42A3-9474-1A3956D46DE8}") = "Infraestructure", "Infraestructure", "{A322A3C6-9D35-4D1D-97E5-A4636C86A5B8}"
EndProject
Project("{FAE04EC0-301F-11D3-BF4B-00C04F79EFBC}") = "ApiDeContactos.Core.Application", "ApiDeContactos.Core.Application\ApiDeContactos.Core.Application.csproj", "{A1351254-10A8-4883-BD40-B237D9565FC3}"
EndProject
Project("{FAE04EC0-301F-11D3-BF4B-00C04F79EFBC}") = "ApiDeContactos.Core.Domain", "ApiDeContactos.Core.Domain\ApiDeContactos.Core.Domain.csproj", "{7E87B0FB-4680-431E-A2A6-2150E454FA09}"
EndProject
Project("{FAE04EC0-301F-11D3-BF4B-00C04F79EFBC}") = "ApiDeContactos.Infraestructure.Persistence", "ApiDeContactos.Infraestructure.Persistence\ApiDeContactos.Infraestructure.Persistence.csproj", "{2BD90DF6-8A85-4100-AA5D-BB86745F2F88}"
EndProject
Global
	GlobalSection(SolutionConfigurationPlatforms) = preSolution
		Debug|Any CPU = Debug|Any CPU
		Release|Any CPU = Release|Any CPU
	EndGlobalSection
	GlobalSection(ProjectConfigurationPlatforms) = postSolution
		{C55DD26A-2DC7-4EED-924E-95D395172890}.Debug|Any CPU.ActiveCfg = Debug|Any CPU
		{C55DD26A-2DC7-4EED-924E-95D395172890}.Debug|Any CPU.Build.0 = Debug|Any CPU
		{C55DD26A-2DC7-4EED-924E-95D395172890}.Release|Any CPU.ActiveCfg = Release|Any CPU
		{C55DD26A-2DC7-4EED-924E-95D395172890}.Release|Any CPU.Build.0 = Release|Any CPU
		{A1351254-10A8-4883-BD40-B237D9565FC3}.Debug|Any CPU.ActiveCfg = Debug|Any CPU
		{A1351254-10A8-4883-BD40-B237D9565FC3}.Debug|Any CPU.Build.0 = Debug|Any CPU
		{A1351254-10A8-4883-BD40-B237D9565FC3}.Release|Any CPU.ActiveCfg = Release|Any CPU
		{A1351254-10A8-4883-BD40-B237D9565FC3}.Release|Any CPU.Build.0 = Release|Any CPU
		{7E87B0FB-4680-431E-A2A6-2150E454FA09}.Debug|Any CPU.ActiveCfg = Debug|Any CPU
		{7E87B0FB-4680-431E-A2A6-2150E454FA09}.Debug|Any CPU.Build.0 = Debug|Any CPU
		{7E87B0FB-4680-431E-A2A6-2150E454FA09}.Release|Any CPU.ActiveCfg = Release|Any CPU
		{7E87B0FB-4680-431E-A2A6-2150E454FA09}.Release|Any CPU.Build.0 = Release|Any CPU
		{2BD90DF6-8A85-4100-AA5D-BB86745F2F88}.Debug|Any CPU.ActiveCfg = Debug|Any CPU
		{2BD90DF6-8A85-4100-AA5D-BB86745F2F88}.Debug|Any CPU.Build.0 = Debug|Any CPU
		{2BD90DF6-8A85-4100-AA5D-BB86745F2F88}.Release|Any CPU.ActiveCfg = Release|Any CPU
		{2BD90DF6-8A85-4100-AA5D-BB86745F2F88}.Release|Any CPU.Build.0 = Release|Any CPU
	EndGlobalSection
	GlobalSection(SolutionProperties) = preSolution
		HideSolutionNode = FALSE
	EndGlobalSection
	GlobalSection(NestedProjects) = preSolution
		{C55DD26A-2DC7-4EED-924E-95D395172890} = {013DD392-EC1D-453C-AB4D-7F1818058045}
		{013DD392-EC1D-453C-AB4D-7F1818058045} = {37415921-E83B-4709-BADE-386A2D3B4E8A}
		{46941DD1-4488-4E5C-898B-CD6012B78384} = {37415921-E83B-4709-BADE-386A2D3B4E8A}
		{A322A3C6-9D35-4D1D-97E5-A4636C86A5B8} = {37415921-E83B-4709-BADE-386A2D3B4E8A}
		{A1351254-10A8-4883-BD40-B237D9565FC3} = {46941DD1-4488-4E5C-898B-CD6012B78384}
		{7E87B0FB-4680-431E-A2A6-2150E454FA09} = {46941DD1-4488-4E5C-898B-CD6012B78384}
		{2BD90DF6-8A85-4100-AA5D-BB86745F2F88} = {A322A3C6-9D35-4D1D-97E5-A4636C86A5B8}
	EndGlobalSection
	GlobalSection(ExtensibilityGlobals) = postSolution
		SolutionGuid = {FB4DD473-0822-4868-9C8E-1E0037D1D129}
	EndGlobalSection
EndGlobal
